
Microsoft Visual Studio Solution File, Format Version 12.00
# Visual Studio Version 17
VisualStudioVersion = 17.1.32210.238
MinimumVisualStudioVersion = 10.0.40219.1
Project("{9A19103F-16F7-4668-BE54-9A1E7A4F7556}") = "Cheezy", "Cheezy\Cheezy.csproj", "{7EADEBCB-A36D-4214-8139-E98044782301}"
EndProject
Project("{FAE04EC0-301F-11D3-BF4B-00C04F79EFBC}") = "Cheezy.Tests", "Cheezy.Tests\Cheezy.Tests.csproj", "{351A4582-099A-4076-9D3F-4400F8584DC2}"
EndProject
Global
	GlobalSection(SolutionConfigurationPlatforms) = preSolution
		Debug|Any CPU = Debug|Any CPU
		Release|Any CPU = Release|Any CPU
	EndGlobalSection
	GlobalSection(ProjectConfigurationPlatforms) = postSolution
		{7EADEBCB-A36D-4214-8139-E98044782301}.Debug|Any CPU.ActiveCfg = Debug|Any CPU
		{7EADEBCB-A36D-4214-8139-E98044782301}.Debug|Any CPU.Build.0 = Debug|Any CPU
		{7EADEBCB-A36D-4214-8139-E98044782301}.Release|Any CPU.ActiveCfg = Release|Any CPU
		{7EADEBCB-A36D-4214-8139-E98044782301}.Release|Any CPU.Build.0 = Release|Any CPU
		{351A4582-099A-4076-9D3F-4400F8584DC2}.Debug|Any CPU.ActiveCfg = Debug|Any CPU
		{351A4582-099A-4076-9D3F-4400F8584DC2}.Debug|Any CPU.Build.0 = Debug|Any CPU
		{351A4582-099A-4076-9D3F-4400F8584DC2}.Release|Any CPU.ActiveCfg = Release|Any CPU
		{351A4582-099A-4076-9D3F-4400F8584DC2}.Release|Any CPU.Build.0 = Release|Any CPU
	EndGlobalSection
	GlobalSection(SolutionProperties) = preSolution
		HideSolutionNode = FALSE
	EndGlobalSection
	GlobalSection(ExtensibilityGlobals) = postSolution
		SolutionGuid = {07C1C3F9-26DE-44AC-B192-77359BFCEF21}
	EndGlobalSection
EndGlobal
